{
  "pins" : [
    {
      "identity" : "anycodable",
      "kind" : "remoteSourceControl",
      "location" : "https://github.com/mickeyl/AnyCodable",
      "state" : {
        "revision" : "bcbafbc461058bda170ca59013ba599b5613e72a",
        "version" : "0.6.6"
      }
    },
    {
      "identity" : "chalk",
      "kind" : "remoteSourceControl",
      "location" : "https://github.com/mxcl/Chalk",
      "state" : {
        "branch" : "master",
        "revision" : "a8faed684d73ece2aa224a491164838f90e9938d"
      }
    },
    {
      "identity" : "cornucopiacore",
      "kind" : "remoteSourceControl",
      "location" : "https://github.com/Cornucopia-Swift/CornucopiaCore",
      "state" : {
        "branch" : "master",
        "revision" : "e01622d5a704c2a7ec007e3b3ebbd32224a061b7"
      }
    },
    {
      "identity" : "cornucopiastreams",
      "kind" : "remoteSourceControl",
      "location" : "https://github.com/Cornucopia-Swift/CornucopiaStreams",
      "state" : {
        "branch" : "master",
        "revision" : "bd1d2c6de225de97cde83f108bb2beb9026616ea"
      }
    },
    {
      "identity" : "foundationbandaid",
      "kind" : "remoteSourceControl",
      "location" : "https://github.com/mickeyl/FoundationBandAid",
      "state" : {
        "branch" : "master",
        "revision" : "163e98760ce824d9c880684ec1014228795ef8c3"
      }
    },
    {
      "identity" : "linenoise-swift",
      "kind" : "remoteSourceControl",
      "location" : "https://github.com/andybest/linenoise-swift",
      "state" : {
        "branch" : "master",
        "revision" : "cbf0a35c6e159e4fe6a03f76c8a17ef08e907b0e"
      }
    },
    {
      "identity" : "nimble",
      "kind" : "remoteSourceControl",
      "location" : "https://github.com/Quick/Nimble.git",
      "state" : {
        "revision" : "7a46a5fc86cb917f69e3daf79fcb045283d8f008",
        "version" : "8.1.2"
      }
    },
    {
      "identity" : "progress.swift",
      "kind" : "remoteSourceControl",
      "location" : "https://github.com/jkandzi/Progress.swift",
      "state" : {
        "branch" : "master",
        "revision" : "fed6598735d7982058690acf8f52a0a5fdaeb3e0"
      }
    },
    {
      "identity" : "socket.swift",
      "kind" : "remoteSourceControl",
      "location" : "https://github.com/mickeyl/Socket.swift",
      "state" : {
        "branch" : "noTLS",
        "revision" : "b9f1ffbecb321d47aeef2a124fa6ae746685cc52"
      }
    },
    {
      "identity" : "swift-argument-parser",
      "kind" : "remoteSourceControl",
      "location" : "https://github.com/apple/swift-argument-parser",
      "state" : {
        "revision" : "c5d11a805e765f52ba34ec7284bd4fcd6ba68615",
        "version" : "1.7.0"
      }
    },
    {
      "identity" : "swift-asn1",
      "kind" : "remoteSourceControl",
      "location" : "https://github.com/apple/swift-asn1.git",
      "state" : {
        "revision" : "810496cf121e525d660cd0ea89a758740476b85f",
        "version" : "1.5.1"
      }
    },
    {
      "identity" : "swift-automotive",
      "kind" : "remoteSourceControl",
      "location" : "ssh://git@gitlab.com/a11086/swift-automotive",
      "state" : {
        "branch" : "master",
        "revision" : "d7646d7443c2de61b939eb64b3fd6b53b03736be"
      }
    },
    {
      "identity" : "swift-crypto",
      "kind" : "remoteSourceControl",
      "location" : "https://github.com/apple/swift-crypto",
      "state" : {
        "revision" : "95ba0316a9b733e92bb6b071255ff46263bbe7dc",
        "version" : "3.15.1"
      }
    }
  ],
  "version" : 2
}
